// !$*UTF8*$!
{
	archiveVersion = 1;
	classes = {
	};
	objectVersion = 56;
	objects = {

/* Begin PBXBuildFile section */
		6F8147002A9D4B6000C6AD95 /* AppDelegate.swift in Sources */ = {isa = PBXBuildFile; fileRef = 6F8146FF2A9D4B6000C6AD95 /* AppDelegate.swift */; };
		6F8147022A9D4B6000C6AD95 /* SceneDelegate.swift in Sources */ = {isa = PBXBuildFile; fileRef = 6F8147012A9D4B6000C6AD95 /* SceneDelegate.swift */; };
		6F8147042A9D4B6000C6AD95 /* ViewController.swift in Sources */ = {isa = PBXBuildFile; fileRef = 6F8147032A9D4B6000C6AD95 /* ViewController.swift */; };
		6F8147072A9D4B6000C6AD95 /* Main.storyboard in Resources */ = {isa = PBXBuildFile; fileRef = 6F8147052A9D4B6000C6AD95 /* Main.storyboard */; };
		6F8147092A9D4B6200C6AD95 /* Assets.xcassets in Resources */ = {isa = PBXBuildFile; fileRef = 6F8147082A9D4B6200C6AD95 /* Assets.xcassets */; };
		6F81470C2A9D4B6200C6AD95 /* LaunchScreen.storyboard in Resources */ = {isa = PBXBuildFile; fileRef = 6F81470A2A9D4B6200C6AD95 /* LaunchScreen.storyboard */; };
		6F8147162A9D4C4F00C6AD95 /* CoinModel.swift in Sources */ = {isa = PBXBuildFile; fileRef = 6F8147152A9D4C4F00C6AD95 /* CoinModel.swift */; };
		6F8147182A9D517F00C6AD95 /* CurrentDataModel.swift in Sources */ = {isa = PBXBuildFile; fileRef = 6F8147172A9D517F00C6AD95 /* CurrentDataModel.swift */; };
		6F81471A2A9D53B100C6AD95 /* MarketChartModel.swift in Sources */ = {isa = PBXBuildFile; fileRef = 6F8147192A9D53B100C6AD95 /* MarketChartModel.swift */; };
		6F81471C2A9D547600C6AD95 /* GraphicDataModel.swift in Sources */ = {isa = PBXBuildFile; fileRef = 6F81471B2A9D547600C6AD95 /* GraphicDataModel.swift */; };
		6F81471E2A9D552700C6AD95 /* GlobalModel.swift in Sources */ = {isa = PBXBuildFile; fileRef = 6F81471D2A9D552700C6AD95 /* GlobalModel.swift */; };
		6F8147252A9D87DB00C6AD95 /* API.swift in Sources */ = {isa = PBXBuildFile; fileRef = 6F8147242A9D87DB00C6AD95 /* API.swift */; };
		6F8147272A9D8E9D00C6AD95 /* GenericStore.swift in Sources */ = {isa = PBXBuildFile; fileRef = 6F8147262A9D8E9D00C6AD95 /* GenericStore.swift */; };
		6F81472A2A9D91F400C6AD95 /* Extensions.swift in Sources */ = {isa = PBXBuildFile; fileRef = 6F8147292A9D91F400C6AD95 /* Extensions.swift */; };
/* End PBXBuildFile section */

/* Begin PBXFileReference section */
		6F8146FC2A9D4B6000C6AD95 /* MarketCoins.app */ = {isa = PBXFileReference; explicitFileType = wrapper.application; includeInIndex = 0; path = MarketCoins.app; sourceTree = BUILT_PRODUCTS_DIR; };
		6F8146FF2A9D4B6000C6AD95 /* AppDelegate.swift */ = {isa = PBXFileReference; lastKnownFileType = sourcecode.swift; path = AppDelegate.swift; sourceTree = "<group>"; };
		6F8147012A9D4B6000C6AD95 /* SceneDelegate.swift */ = {isa = PBXFileReference; lastKnownFileType = sourcecode.swift; path = SceneDelegate.swift; sourceTree = "<group>"; };
		6F8147032A9D4B6000C6AD95 /* ViewController.swift */ = {isa = PBXFileReference; lastKnownFileType = sourcecode.swift; path = ViewController.swift; sourceTree = "<group>"; };
		6F8147062A9D4B6000C6AD95 /* Base */ = {isa = PBXFileReference; lastKnownFileType = file.storyboard; name = Base; path = Base.lproj/Main.storyboard; sourceTree = "<group>"; };
		6F8147082A9D4B6200C6AD95 /* Assets.xcassets */ = {isa = PBXFileReference; lastKnownFileType = folder.assetcatalog; path = Assets.xcassets; sourceTree = "<group>"; };
		6F81470B2A9D4B6200C6AD95 /* Base */ = {isa = PBXFileReference; lastKnownFileType = file.storyboard; name = Base; path = Base.lproj/LaunchScreen.storyboard; sourceTree = "<group>"; };
		6F81470D2A9D4B6200C6AD95 /* Info.plist */ = {isa = PBXFileReference; lastKnownFileType = text.plist.xml; path = Info.plist; sourceTree = "<group>"; };
		6F8147152A9D4C4F00C6AD95 /* CoinModel.swift */ = {isa = PBXFileReference; lastKnownFileType = sourcecode.swift; path = CoinModel.swift; sourceTree = "<group>"; };
		6F8147172A9D517F00C6AD95 /* CurrentDataModel.swift */ = {isa = PBXFileReference; lastKnownFileType = sourcecode.swift; path = CurrentDataModel.swift; sourceTree = "<group>"; };
		6F8147192A9D53B100C6AD95 /* MarketChartModel.swift */ = {isa = PBXFileReference; lastKnownFileType = sourcecode.swift; path = MarketChartModel.swift; sourceTree = "<group>"; };
		6F81471B2A9D547600C6AD95 /* GraphicDataModel.swift */ = {isa = PBXFileReference; lastKnownFileType = sourcecode.swift; path = GraphicDataModel.swift; sourceTree = "<group>"; };
		6F81471D2A9D552700C6AD95 /* GlobalModel.swift */ = {isa = PBXFileReference; lastKnownFileType = sourcecode.swift; path = GlobalModel.swift; sourceTree = "<group>"; };
		6F8147242A9D87DB00C6AD95 /* API.swift */ = {isa = PBXFileReference; lastKnownFileType = sourcecode.swift; path = API.swift; sourceTree = "<group>"; };
		6F8147262A9D8E9D00C6AD95 /* GenericStore.swift */ = {isa = PBXFileReference; lastKnownFileType = sourcecode.swift; path = GenericStore.swift; sourceTree = "<group>"; };
		6F8147292A9D91F400C6AD95 /* Extensions.swift */ = {isa = PBXFileReference; lastKnownFileType = sourcecode.swift; path = Extensions.swift; sourceTree = "<group>"; };
/* End PBXFileReference section */

/* Begin PBXFrameworksBuildPhase section */
		6F8146F92A9D4B6000C6AD95 /* Frameworks */ = {
			isa = PBXFrameworksBuildPhase;
			buildActionMask = 2147483647;
			files = (
			);
			runOnlyForDeploymentPostprocessing = 0;
		};
/* End PBXFrameworksBuildPhase section */

/* Begin PBXGroup section */
		6F8146F32A9D4B6000C6AD95 = {
			isa = PBXGroup;
			children = (
				6F8147132A9D4BFA00C6AD95 /* Domain */,
				6F8146FE2A9D4B6000C6AD95 /* MarketCoins */,
				6F8146FD2A9D4B6000C6AD95 /* Products */,
			);
			sourceTree = "<group>";
		};
		6F8146FD2A9D4B6000C6AD95 /* Products */ = {
			isa = PBXGroup;
			children = (
				6F8146FC2A9D4B6000C6AD95 /* MarketCoins.app */,
			);
			name = Products;
			sourceTree = "<group>";
		};
		6F8146FE2A9D4B6000C6AD95 /* MarketCoins */ = {
			isa = PBXGroup;
			children = (
				6F8147282A9D91D400C6AD95 /* Extensions */,
				6F8146FF2A9D4B6000C6AD95 /* AppDelegate.swift */,
				6F8147012A9D4B6000C6AD95 /* SceneDelegate.swift */,
				6F8147032A9D4B6000C6AD95 /* ViewController.swift */,
				6F8147052A9D4B6000C6AD95 /* Main.storyboard */,
				6F8147082A9D4B6200C6AD95 /* Assets.xcassets */,
				6F81470A2A9D4B6200C6AD95 /* LaunchScreen.storyboard */,
				6F81470D2A9D4B6200C6AD95 /* Info.plist */,
			);
			path = MarketCoins;
			sourceTree = "<group>";
		};
		6F8147132A9D4BFA00C6AD95 /* Domain */ = {
			isa = PBXGroup;
			children = (
				6F81471F2A9D7E0100C6AD95 /* DataProvider */,
				6F8147142A9D4C0100C6AD95 /* Models */,
			);
			path = Domain;
			sourceTree = "<group>";
		};
		6F8147142A9D4C0100C6AD95 /* Models */ = {
			isa = PBXGroup;
			children = (
				6F8147152A9D4C4F00C6AD95 /* CoinModel.swift */,
				6F8147172A9D517F00C6AD95 /* CurrentDataModel.swift */,
				6F8147192A9D53B100C6AD95 /* MarketChartModel.swift */,
				6F81471B2A9D547600C6AD95 /* GraphicDataModel.swift */,
				6F81471D2A9D552700C6AD95 /* GlobalModel.swift */,
			);
			path = Models;
			sourceTree = "<group>";
		};
		6F81471F2A9D7E0100C6AD95 /* DataProvider */ = {
			isa = PBXGroup;
			children = (
				6F8147202A9D7E0B00C6AD95 /* NetworkRepository */,
			);
			path = DataProvider;
			sourceTree = "<group>";
		};
		6F8147202A9D7E0B00C6AD95 /* NetworkRepository */ = {
			isa = PBXGroup;
			children = (
				6F8147232A9D87BA00C6AD95 /* Store */,
				6F8147222A9D87AC00C6AD95 /* Router */,
				6F8147212A9D87A700C6AD95 /* API */,
			);
			path = NetworkRepository;
			sourceTree = "<group>";
		};
		6F8147212A9D87A700C6AD95 /* API */ = {
			isa = PBXGroup;
			children = (
				6F8147242A9D87DB00C6AD95 /* API.swift */,
			);
			path = API;
			sourceTree = "<group>";
		};
		6F8147222A9D87AC00C6AD95 /* Router */ = {
			isa = PBXGroup;
			children = (
			);
			path = Router;
			sourceTree = "<group>";
		};
		6F8147232A9D87BA00C6AD95 /* Store */ = {
			isa = PBXGroup;
			children = (
				6F8147262A9D8E9D00C6AD95 /* GenericStore.swift */,
			);
			path = Store;
			sourceTree = "<group>";
		};
		6F8147282A9D91D400C6AD95 /* Extensions */ = {
			isa = PBXGroup;
			children = (
				6F8147292A9D91F400C6AD95 /* Extensions.swift */,
			);
			path = Extensions;
			sourceTree = "<group>";
		};
/* End PBXGroup section */

/* Begin PBXNativeTarget section */
		6F8146FB2A9D4B6000C6AD95 /* MarketCoins */ = {
			isa = PBXNativeTarget;
			buildConfigurationList = 6F8147102A9D4B6200C6AD95 /* Build configuration list for PBXNativeTarget "MarketCoins" */;
			buildPhases = (
				6F8146F82A9D4B6000C6AD95 /* Sources */,
				6F8146F92A9D4B6000C6AD95 /* Frameworks */,
				6F8146FA2A9D4B6000C6AD95 /* Resources */,
			);
			buildRules = (
			);
			dependencies = (
			);
			name = MarketCoins;
			productName = MarketCoins;
			productReference = 6F8146FC2A9D4B6000C6AD95 /* MarketCoins.app */;
			productType = "com.apple.product-type.application";
		};
/* End PBXNativeTarget section */

/* Begin PBXProject section */
		6F8146F42A9D4B6000C6AD95 /* Project object */ = {
			isa = PBXProject;
			attributes = {
				BuildIndependentTargetsInParallel = 1;
				LastSwiftUpdateCheck = 1430;
				LastUpgradeCheck = 1430;
				TargetAttributes = {
					6F8146FB2A9D4B6000C6AD95 = {
						CreatedOnToolsVersion = 14.3.1;
					};
				};
			};
			buildConfigurationList = 6F8146F72A9D4B6000C6AD95 /* Build configuration list for PBXProject "MarketCoins" */;
			compatibilityVersion = "Xcode 14.0";
			developmentRegion = en;
			hasScannedForEncodings = 0;
			knownRegions = (
				en,
				Base,
			);
			mainGroup = 6F8146F32A9D4B6000C6AD95;
			productRefGroup = 6F8146FD2A9D4B6000C6AD95 /* Products */;
			projectDirPath = "";
			projectRoot = "";
			targets = (
				6F8146FB2A9D4B6000C6AD95 /* MarketCoins */,
			);
		};
/* End PBXProject section */

/* Begin PBXResourcesBuildPhase section */
		6F8146FA2A9D4B6000C6AD95 /* Resources */ = {
			isa = PBXResourcesBuildPhase;
			buildActionMask = 2147483647;
			files = (
				6F81470C2A9D4B6200C6AD95 /* LaunchScreen.storyboard in Resources */,
				6F8147092A9D4B6200C6AD95 /* Assets.xcassets in Resources */,
				6F8147072A9D4B6000C6AD95 /* Main.storyboard in Resources */,
			);
			runOnlyForDeploymentPostprocessing = 0;
		};
/* End PBXResourcesBuildPhase section */

/* Begin PBXSourcesBuildPhase section */
		6F8146F82A9D4B6000C6AD95 /* Sources */ = {
			isa = PBXSourcesBuildPhase;
			buildActionMask = 2147483647;
			files = (
				6F81471A2A9D53B100C6AD95 /* MarketChartModel.swift in Sources */,
				6F8147162A9D4C4F00C6AD95 /* CoinModel.swift in Sources */,
				6F81471C2A9D547600C6AD95 /* GraphicDataModel.swift in Sources */,
				6F8147272A9D8E9D00C6AD95 /* GenericStore.swift in Sources */,
				6F8147042A9D4B6000C6AD95 /* ViewController.swift in Sources */,
				6F8147002A9D4B6000C6AD95 /* AppDelegate.swift in Sources */,
				6F8147182A9D517F00C6AD95 /* CurrentDataModel.swift in Sources */,
				6F81471E2A9D552700C6AD95 /* GlobalModel.swift in Sources */,
				6F8147252A9D87DB00C6AD95 /* API.swift in Sources */,
				6F81472A2A9D91F400C6AD95 /* Extensions.swift in Sources */,
				6F8147022A9D4B6000C6AD95 /* SceneDelegate.swift in Sources */,
			);
			runOnlyForDeploymentPostprocessing = 0;
		};
/* End PBXSourcesBuildPhase section */

/* Begin PBXVariantGroup section */
		6F8147052A9D4B6000C6AD95 /* Main.storyboard */ = {
			isa = PBXVariantGroup;
			children = (
				6F8147062A9D4B6000C6AD95 /* Base */,
			);
			name = Main.storyboard;
			sourceTree = "<group>";
		};
		6F81470A2A9D4B6200C6AD95 /* LaunchScreen.storyboard */ = {
			isa = PBXVariantGroup;
			children = (
				6F81470B2A9D4B6200C6AD95 /* Base */,
			);
			name = LaunchScreen.storyboard;
			sourceTree = "<group>";
		};
/* End PBXVariantGroup section */

/* Begin XCBuildConfiguration section */
		6F81470E2A9D4B6200C6AD95 /* Debug */ = {
			isa = XCBuildConfiguration;
			buildSettings = {
				ALWAYS_SEARCH_USER_PATHS = NO;
				CLANG_ANALYZER_NONNULL = YES;
				CLANG_ANALYZER_NUMBER_OBJECT_CONVERSION = YES_AGGRESSIVE;
				CLANG_CXX_LANGUAGE_STANDARD = "gnu++20";
				CLANG_ENABLE_MODULES = YES;
				CLANG_ENABLE_OBJC_ARC = YES;
				CLANG_ENABLE_OBJC_WEAK = YES;
				CLANG_WARN_BLOCK_CAPTURE_AUTORELEASING = YES;
				CLANG_WARN_BOOL_CONVERSION = YES;
				CLANG_WARN_COMMA = YES;
				CLANG_WARN_CONSTANT_CONVERSION = YES;
				CLANG_WARN_DEPRECATED_OBJC_IMPLEMENTATIONS = YES;
				CLANG_WARN_DIRECT_OBJC_ISA_USAGE = YES_ERROR;
				CLANG_WARN_DOCUMENTATION_COMMENTS = YES;
				CLANG_WARN_EMPTY_BODY = YES;
				CLANG_WARN_ENUM_CONVERSION = YES;
				CLANG_WARN_INFINITE_RECURSION = YES;
				CLANG_WARN_INT_CONVERSION = YES;
				CLANG_WARN_NON_LITERAL_NULL_CONVERSION = YES;
				CLANG_WARN_OBJC_IMPLICIT_RETAIN_SELF = YES;
				CLANG_WARN_OBJC_LITERAL_CONVERSION = YES;
				CLANG_WARN_OBJC_ROOT_CLASS = YES_ERROR;
				CLANG_WARN_QUOTED_INCLUDE_IN_FRAMEWORK_HEADER = YES;
				CLANG_WARN_RANGE_LOOP_ANALYSIS = YES;
				CLANG_WARN_STRICT_PROTOTYPES = YES;
				CLANG_WARN_SUSPICIOUS_MOVE = YES;
				CLANG_WARN_UNGUARDED_AVAILABILITY = YES_AGGRESSIVE;
				CLANG_WARN_UNREACHABLE_CODE = YES;
				CLANG_WARN__DUPLICATE_METHOD_MATCH = YES;
				COPY_PHASE_STRIP = NO;
				DEBUG_INFORMATION_FORMAT = dwarf;
				ENABLE_STRICT_OBJC_MSGSEND = YES;
				ENABLE_TESTABILITY = YES;
				GCC_C_LANGUAGE_STANDARD = gnu11;
				GCC_DYNAMIC_NO_PIC = NO;
				GCC_NO_COMMON_BLOCKS = YES;
				GCC_OPTIMIZATION_LEVEL = 0;
				GCC_PREPROCESSOR_DEFINITIONS = (
					"DEBUG=1",
					"$(inherited)",
				);
				GCC_WARN_64_TO_32_BIT_CONVERSION = YES;
				GCC_WARN_ABOUT_RETURN_TYPE = YES_ERROR;
				GCC_WARN_UNDECLARED_SELECTOR = YES;
				GCC_WARN_UNINITIALIZED_AUTOS = YES_AGGRESSIVE;
				GCC_WARN_UNUSED_FUNCTION = YES;
				GCC_WARN_UNUSED_VARIABLE = YES;
				IPHONEOS_DEPLOYMENT_TARGET = 16.4;
				MTL_ENABLE_DEBUG_INFO = INCLUDE_SOURCE;
				MTL_FAST_MATH = YES;
				ONLY_ACTIVE_ARCH = YES;
				SDKROOT = iphoneos;
				SWIFT_ACTIVE_COMPILATION_CONDITIONS = DEBUG;
				SWIFT_OPTIMIZATION_LEVEL = "-Onone";
			};
			name = Debug;
		};
		6F81470F2A9D4B6200C6AD95 /* Release */ = {
			isa = XCBuildConfiguration;
			buildSettings = {
				ALWAYS_SEARCH_USER_PATHS = NO;
				CLANG_ANALYZER_NONNULL = YES;
				CLANG_ANALYZER_NUMBER_OBJECT_CONVERSION = YES_AGGRESSIVE;
				CLANG_CXX_LANGUAGE_STANDARD = "gnu++20";
				CLANG_ENABLE_MODULES = YES;
				CLANG_ENABLE_OBJC_ARC = YES;
				CLANG_ENABLE_OBJC_WEAK = YES;
				CLANG_WARN_BLOCK_CAPTURE_AUTORELEASING = YES;
				CLANG_WARN_BOOL_CONVERSION = YES;
				CLANG_WARN_COMMA = YES;
				CLANG_WARN_CONSTANT_CONVERSION = YES;
				CLANG_WARN_DEPRECATED_OBJC_IMPLEMENTATIONS = YES;
				CLANG_WARN_DIRECT_OBJC_ISA_USAGE = YES_ERROR;
				CLANG_WARN_DOCUMENTATION_COMMENTS = YES;
				CLANG_WARN_EMPTY_BODY = YES;
				CLANG_WARN_ENUM_CONVERSION = YES;
				CLANG_WARN_INFINITE_RECURSION = YES;
				CLANG_WARN_INT_CONVERSION = YES;
				CLANG_WARN_NON_LITERAL_NULL_CONVERSION = YES;
				CLANG_WARN_OBJC_IMPLICIT_RETAIN_SELF = YES;
				CLANG_WARN_OBJC_LITERAL_CONVERSION = YES;
				CLANG_WARN_OBJC_ROOT_CLASS = YES_ERROR;
				CLANG_WARN_QUOTED_INCLUDE_IN_FRAMEWORK_HEADER = YES;
				CLANG_WARN_RANGE_LOOP_ANALYSIS = YES;
				CLANG_WARN_STRICT_PROTOTYPES = YES;
				CLANG_WARN_SUSPICIOUS_MOVE = YES;
				CLANG_WARN_UNGUARDED_AVAILABILITY = YES_AGGRESSIVE;
				CLANG_WARN_UNREACHABLE_CODE = YES;
				CLANG_WARN__DUPLICATE_METHOD_MATCH = YES;
				COPY_PHASE_STRIP = NO;
				DEBUG_INFORMATION_FORMAT = "dwarf-with-dsym";
				ENABLE_NS_ASSERTIONS = NO;
				ENABLE_STRICT_OBJC_MSGSEND = YES;
				GCC_C_LANGUAGE_STANDARD = gnu11;
				GCC_NO_COMMON_BLOCKS = YES;
				GCC_WARN_64_TO_32_BIT_CONVERSION = YES;
				GCC_WARN_ABOUT_RETURN_TYPE = YES_ERROR;
				GCC_WARN_UNDECLARED_SELECTOR = YES;
				GCC_WARN_UNINITIALIZED_AUTOS = YES_AGGRESSIVE;
				GCC_WARN_UNUSED_FUNCTION = YES;
				GCC_WARN_UNUSED_VARIABLE = YES;
				IPHONEOS_DEPLOYMENT_TARGET = 16.4;
				MTL_ENABLE_DEBUG_INFO = NO;
				MTL_FAST_MATH = YES;
				SDKROOT = iphoneos;
				SWIFT_COMPILATION_MODE = wholemodule;
				SWIFT_OPTIMIZATION_LEVEL = "-O";
				VALIDATE_PRODUCT = YES;
			};
			name = Release;
		};
		6F8147112A9D4B6200C6AD95 /* Debug */ = {
			isa = XCBuildConfiguration;
			buildSettings = {
				ASSETCATALOG_COMPILER_APPICON_NAME = AppIcon;
				ASSETCATALOG_COMPILER_GLOBAL_ACCENT_COLOR_NAME = AccentColor;
				CODE_SIGN_STYLE = Automatic;
				CURRENT_PROJECT_VERSION = 1;
				DEVELOPMENT_TEAM = K328B98U3F;
				GENERATE_INFOPLIST_FILE = YES;
				INFOPLIST_FILE = MarketCoins/Info.plist;
				INFOPLIST_KEY_CFBundleDisplayName = "Market Coins";
				INFOPLIST_KEY_LSApplicationCategoryType = "public.app-category.finance";
				INFOPLIST_KEY_UIApplicationSupportsIndirectInputEvents = YES;
				INFOPLIST_KEY_UILaunchStoryboardName = LaunchScreen;
				INFOPLIST_KEY_UIMainStoryboardFile = Main;
				INFOPLIST_KEY_UISupportedInterfaceOrientations = UIInterfaceOrientationPortrait;
				INFOPLIST_KEY_UISupportedInterfaceOrientations_iPad = "UIInterfaceOrientationLandscapeLeft UIInterfaceOrientationLandscapeRight UIInterfaceOrientationPortrait UIInterfaceOrientationPortraitUpsideDown";
				IPHONEOS_DEPLOYMENT_TARGET = 13.0;
				LD_RUNPATH_SEARCH_PATHS = (
					"$(inherited)",
					"@executable_path/Frameworks",
				);
				MARKETING_VERSION = 1.0;
				PRODUCT_BUNDLE_IDENTIFIER = com.luizaraujo.practices.MarketCoins;
				PRODUCT_NAME = "$(TARGET_NAME)";
				SUPPORTED_PLATFORMS = "iphoneos iphonesimulator";
				SUPPORTS_MACCATALYST = NO;
				SUPPORTS_MAC_DESIGNED_FOR_IPHONE_IPAD = NO;
				SWIFT_EMIT_LOC_STRINGS = YES;
				SWIFT_VERSION = 5.0;
				TARGETED_DEVICE_FAMILY = 1;
			};
			name = Debug;
		};
		6F8147122A9D4B6200C6AD95 /* Release */ = {
			isa = XCBuildConfiguration;
			buildSettings = {
				ASSETCATALOG_COMPILER_APPICON_NAME = AppIcon;
				ASSETCATALOG_COMPILER_GLOBAL_ACCENT_COLOR_NAME = AccentColor;
				CODE_SIGN_STYLE = Automatic;
				CURRENT_PROJECT_VERSION = 1;
				DEVELOPMENT_TEAM = K328B98U3F;
				GENERATE_INFOPLIST_FILE = YES;
				INFOPLIST_FILE = MarketCoins/Info.plist;
				INFOPLIST_KEY_CFBundleDisplayName = "Market Coins";
				INFOPLIST_KEY_LSApplicationCategoryType = "public.app-category.finance";
				INFOPLIST_KEY_UIApplicationSupportsIndirectInputEvents = YES;
				INFOPLIST_KEY_UILaunchStoryboardName = LaunchScreen;
				INFOPLIST_KEY_UIMainStoryboardFile = Main;
				INFOPLIST_KEY_UISupportedInterfaceOrientations = UIInterfaceOrientationPortrait;
				INFOPLIST_KEY_UISupportedInterfaceOrientations_iPad = "UIInterfaceOrientationLandscapeLeft UIInterfaceOrientationLandscapeRight UIInterfaceOrientationPortrait UIInterfaceOrientationPortraitUpsideDown";
				IPHONEOS_DEPLOYMENT_TARGET = 13.0;
				LD_RUNPATH_SEARCH_PATHS = (
					"$(inherited)",
					"@executable_path/Frameworks",
				);
				MARKETING_VERSION = 1.0;
				PRODUCT_BUNDLE_IDENTIFIER = com.luizaraujo.practices.MarketCoins;
				PRODUCT_NAME = "$(TARGET_NAME)";
				SUPPORTED_PLATFORMS = "iphoneos iphonesimulator";
				SUPPORTS_MACCATALYST = NO;
				SUPPORTS_MAC_DESIGNED_FOR_IPHONE_IPAD = NO;
				SWIFT_EMIT_LOC_STRINGS = YES;
				SWIFT_VERSION = 5.0;
				TARGETED_DEVICE_FAMILY = 1;
			};
			name = Release;
		};
/* End XCBuildConfiguration section */

/* Begin XCConfigurationList section */
		6F8146F72A9D4B6000C6AD95 /* Build configuration list for PBXProject "MarketCoins" */ = {
			isa = XCConfigurationList;
			buildConfigurations = (
				6F81470E2A9D4B6200C6AD95 /* Debug */,
				6F81470F2A9D4B6200C6AD95 /* Release */,
			);
			defaultConfigurationIsVisible = 0;
			defaultConfigurationName = Release;
		};
		6F8147102A9D4B6200C6AD95 /* Build configuration list for PBXNativeTarget "MarketCoins" */ = {
			isa = XCConfigurationList;
			buildConfigurations = (
				6F8147112A9D4B6200C6AD95 /* Debug */,
				6F8147122A9D4B6200C6AD95 /* Release */,
			);
			defaultConfigurationIsVisible = 0;
			defaultConfigurationName = Release;
		};
/* End XCConfigurationList section */
	};
	rootObject = 6F8146F42A9D4B6000C6AD95 /* Project object */;
}
